
Microsoft Visual Studio Solution File, Format Version 12.00
# Visual Studio Version 16
VisualStudioVersion = 16.0.31005.135
MinimumVisualStudioVersion = 10.0.40219.1
Project("{8BC9CEB8-8B4A-11D0-8D11-00A0C91BC942}") = "baekjoon_2775", "baekjoon_2775\baekjoon_2775.vcxproj", "{AACCD82E-EBAF-4A61-A861-613152630CFE}"
EndProject
Global
	GlobalSection(SolutionConfigurationPlatforms) = preSolution
		Debug|x64 = Debug|x64
		Debug|x86 = Debug|x86
		Release|x64 = Release|x64
		Release|x86 = Release|x86
	EndGlobalSection
	GlobalSection(ProjectConfigurationPlatforms) = postSolution
		{AACCD82E-EBAF-4A61-A861-613152630CFE}.Debug|x64.ActiveCfg = Debug|x64
		{AACCD82E-EBAF-4A61-A861-613152630CFE}.Debug|x64.Build.0 = Debug|x64
		{AACCD82E-EBAF-4A61-A861-613152630CFE}.Debug|x86.ActiveCfg = Debug|Win32
		{AACCD82E-EBAF-4A61-A861-613152630CFE}.Debug|x86.Build.0 = Debug|Win32
		{AACCD82E-EBAF-4A61-A861-613152630CFE}.Release|x64.ActiveCfg = Release|x64
		{AACCD82E-EBAF-4A61-A861-613152630CFE}.Release|x64.Build.0 = Release|x64
		{AACCD82E-EBAF-4A61-A861-613152630CFE}.Release|x86.ActiveCfg = Release|Win32
		{AACCD82E-EBAF-4A61-A861-613152630CFE}.Release|x86.Build.0 = Release|Win32
	EndGlobalSection
	GlobalSection(SolutionProperties) = preSolution
		HideSolutionNode = FALSE
	EndGlobalSection
	GlobalSection(ExtensibilityGlobals) = postSolution
		SolutionGuid = {D54C02F3-025C-4BE2-9AF6-0C7378ECB883}
	EndGlobalSection
EndGlobal
